
Microsoft Visual Studio Solution File, Format Version 12.00
# Visual Studio Version 17
VisualStudioVersion = 17.7.34221.43
MinimumVisualStudioVersion = 10.0.40219.1
Project("{9A19103F-16F7-4668-BE54-9A1E7A4F7556}") = "Api.Application", "Api.Application\Api.Application.csproj", "{ACE1F472-F36C-4EEE-9EED-A8E4C9C2ECFF}"
EndProject
Project("{FAE04EC0-301F-11D3-BF4B-00C04F79EFBC}") = "Api.Domain", "Api.Domain\Api.Domain.csproj", "{69C0D200-5D59-4A98-BE13-7782FD536ABD}"
EndProject
Project("{FAE04EC0-301F-11D3-BF4B-00C04F79EFBC}") = "Api.CrossCutting", "Api.CrossCutting\Api.CrossCutting.csproj", "{D4CE38F7-2F86-44F9-B4AA-F5A7E309ED12}"
EndProject
Project("{FAE04EC0-301F-11D3-BF4B-00C04F79EFBC}") = "Api.Data", "Api.Data\Api.Data.csproj", "{D356CCDE-C75F-4B30-8172-445BB76C0168}"
EndProject
Project("{FAE04EC0-301F-11D3-BF4B-00C04F79EFBC}") = "Api.Service", "Api.Service\Api.Service.csproj", "{7444E3CC-2521-4DC1-87AE-BB629C0E890B}"
EndProject
Global
	GlobalSection(SolutionConfigurationPlatforms) = preSolution
		Debug|Any CPU = Debug|Any CPU
		Release|Any CPU = Release|Any CPU
	EndGlobalSection
	GlobalSection(ProjectConfigurationPlatforms) = postSolution
		{ACE1F472-F36C-4EEE-9EED-A8E4C9C2ECFF}.Debug|Any CPU.ActiveCfg = Debug|Any CPU
		{ACE1F472-F36C-4EEE-9EED-A8E4C9C2ECFF}.Debug|Any CPU.Build.0 = Debug|Any CPU
		{ACE1F472-F36C-4EEE-9EED-A8E4C9C2ECFF}.Release|Any CPU.ActiveCfg = Release|Any CPU
		{ACE1F472-F36C-4EEE-9EED-A8E4C9C2ECFF}.Release|Any CPU.Build.0 = Release|Any CPU
		{69C0D200-5D59-4A98-BE13-7782FD536ABD}.Debug|Any CPU.ActiveCfg = Debug|Any CPU
		{69C0D200-5D59-4A98-BE13-7782FD536ABD}.Debug|Any CPU.Build.0 = Debug|Any CPU
		{69C0D200-5D59-4A98-BE13-7782FD536ABD}.Release|Any CPU.ActiveCfg = Release|Any CPU
		{69C0D200-5D59-4A98-BE13-7782FD536ABD}.Release|Any CPU.Build.0 = Release|Any CPU
		{D4CE38F7-2F86-44F9-B4AA-F5A7E309ED12}.Debug|Any CPU.ActiveCfg = Debug|Any CPU
		{D4CE38F7-2F86-44F9-B4AA-F5A7E309ED12}.Debug|Any CPU.Build.0 = Debug|Any CPU
		{D4CE38F7-2F86-44F9-B4AA-F5A7E309ED12}.Release|Any CPU.ActiveCfg = Release|Any CPU
		{D4CE38F7-2F86-44F9-B4AA-F5A7E309ED12}.Release|Any CPU.Build.0 = Release|Any CPU
		{D356CCDE-C75F-4B30-8172-445BB76C0168}.Debug|Any CPU.ActiveCfg = Debug|Any CPU
		{D356CCDE-C75F-4B30-8172-445BB76C0168}.Debug|Any CPU.Build.0 = Debug|Any CPU
		{D356CCDE-C75F-4B30-8172-445BB76C0168}.Release|Any CPU.ActiveCfg = Release|Any CPU
		{D356CCDE-C75F-4B30-8172-445BB76C0168}.Release|Any CPU.Build.0 = Release|Any CPU
		{7444E3CC-2521-4DC1-87AE-BB629C0E890B}.Debug|Any CPU.ActiveCfg = Debug|Any CPU
		{7444E3CC-2521-4DC1-87AE-BB629C0E890B}.Debug|Any CPU.Build.0 = Debug|Any CPU
		{7444E3CC-2521-4DC1-87AE-BB629C0E890B}.Release|Any CPU.ActiveCfg = Release|Any CPU
		{7444E3CC-2521-4DC1-87AE-BB629C0E890B}.Release|Any CPU.Build.0 = Release|Any CPU
	EndGlobalSection
	GlobalSection(SolutionProperties) = preSolution
		HideSolutionNode = FALSE
	EndGlobalSection
	GlobalSection(ExtensibilityGlobals) = postSolution
		SolutionGuid = {731195C5-E0A4-4FE0-83FA-0452C9B6E5E7}
	EndGlobalSection
EndGlobal
